
Microsoft Visual Studio Solution File, Format Version 12.00
# Visual Studio 15
VisualStudioVersion = 15.0.28307.645
MinimumVisualStudioVersion = 10.0.40219.1
Project("{9A19103F-16F7-4668-BE54-9A1E7A4F7556}") = "UnitTests", "UnitTests\UnitTests.csproj", "{3548CFBB-7419-47C7-B37B-99DDEE509D06}"
EndProject
Project("{9A19103F-16F7-4668-BE54-9A1E7A4F7556}") = "NNSharp", "NNSharp\NNSharp.csproj", "{7EFCB9E7-F7C0-460E-92CF-B4C9F1FF4C98}"
EndProject
Global
	GlobalSection(SolutionConfigurationPlatforms) = preSolution
		Debug|Any CPU = Debug|Any CPU
		Debug|x64 = Debug|x64
		Release|Any CPU = Release|Any CPU
		Release|x64 = Release|x64
	EndGlobalSection
	GlobalSection(ProjectConfigurationPlatforms) = postSolution
		{3548CFBB-7419-47C7-B37B-99DDEE509D06}.Debug|Any CPU.ActiveCfg = Debug|Any CPU
		{3548CFBB-7419-47C7-B37B-99DDEE509D06}.Debug|Any CPU.Build.0 = Debug|Any CPU
		{3548CFBB-7419-47C7-B37B-99DDEE509D06}.Debug|x64.ActiveCfg = Debug|Any CPU
		{3548CFBB-7419-47C7-B37B-99DDEE509D06}.Debug|x64.Build.0 = Debug|Any CPU
		{3548CFBB-7419-47C7-B37B-99DDEE509D06}.Release|Any CPU.ActiveCfg = Release|Any CPU
		{3548CFBB-7419-47C7-B37B-99DDEE509D06}.Release|Any CPU.Build.0 = Release|Any CPU
		{3548CFBB-7419-47C7-B37B-99DDEE509D06}.Release|x64.ActiveCfg = Release|Any CPU
		{3548CFBB-7419-47C7-B37B-99DDEE509D06}.Release|x64.Build.0 = Release|Any CPU
		{7EFCB9E7-F7C0-460E-92CF-B4C9F1FF4C98}.Debug|Any CPU.ActiveCfg = Debug|Any CPU
		{7EFCB9E7-F7C0-460E-92CF-B4C9F1FF4C98}.Debug|Any CPU.Build.0 = Debug|Any CPU
		{7EFCB9E7-F7C0-460E-92CF-B4C9F1FF4C98}.Debug|x64.ActiveCfg = Debug|Any CPU
		{7EFCB9E7-F7C0-460E-92CF-B4C9F1FF4C98}.Debug|x64.Build.0 = Debug|Any CPU
		{7EFCB9E7-F7C0-460E-92CF-B4C9F1FF4C98}.Release|Any CPU.ActiveCfg = Release|Any CPU
		{7EFCB9E7-F7C0-460E-92CF-B4C9F1FF4C98}.Release|Any CPU.Build.0 = Release|Any CPU
		{7EFCB9E7-F7C0-460E-92CF-B4C9F1FF4C98}.Release|x64.ActiveCfg = Release|Any CPU
		{7EFCB9E7-F7C0-460E-92CF-B4C9F1FF4C98}.Release|x64.Build.0 = Release|Any CPU
	EndGlobalSection
	GlobalSection(SolutionProperties) = preSolution
		HideSolutionNode = FALSE
	EndGlobalSection
	GlobalSection(ExtensibilityGlobals) = postSolution
		SolutionGuid = {D36E3BC6-7F56-47DA-88F2-DC2EDA7509AA}
	EndGlobalSection
EndGlobal
